
Microsoft Visual Studio Solution File, Format Version 12.00
# Visual Studio Version 16
VisualStudioVersion = 16.0.31624.102
MinimumVisualStudioVersion = 10.0.40219.1
Project("{FAE04EC0-301F-11D3-BF4B-00C04F79EFBC}") = "KabanovaLab2.3", "KabanovaLab2.3\KabanovaLab2.3.csproj", "{218457AB-C1FA-4292-BFDE-6F870818DC68}"
EndProject
Global
	GlobalSection(SolutionConfigurationPlatforms) = preSolution
		Debug|Any CPU = Debug|Any CPU
		Release|Any CPU = Release|Any CPU
	EndGlobalSection
	GlobalSection(ProjectConfigurationPlatforms) = postSolution
		{218457AB-C1FA-4292-BFDE-6F870818DC68}.Debug|Any CPU.ActiveCfg = Debug|Any CPU
		{218457AB-C1FA-4292-BFDE-6F870818DC68}.Debug|Any CPU.Build.0 = Debug|Any CPU
		{218457AB-C1FA-4292-BFDE-6F870818DC68}.Release|Any CPU.ActiveCfg = Release|Any CPU
		{218457AB-C1FA-4292-BFDE-6F870818DC68}.Release|Any CPU.Build.0 = Release|Any CPU
	EndGlobalSection
	GlobalSection(SolutionProperties) = preSolution
		HideSolutionNode = FALSE
	EndGlobalSection
	GlobalSection(ExtensibilityGlobals) = postSolution
		SolutionGuid = {2D41ECEB-15BE-45FD-874A-CF148FE929A6}
	EndGlobalSection
EndGlobal
